// !$*UTF8*$!
{
	archiveVersion = 1;
	classes = {
	};
	objectVersion = 50;
	objects = {

/* Begin PBXBuildFile section */
		1B98CD95240766180083E7D3 /* BooksCollectionViewController.swift in Sources */ = {isa = PBXBuildFile; fileRef = 1B98CD94240766180083E7D3 /* BooksCollectionViewController.swift */; };
		1B98CD97240766300083E7D3 /* BookCollectionViewCell.swift in Sources */ = {isa = PBXBuildFile; fileRef = 1B98CD96240766300083E7D3 /* BookCollectionViewCell.swift */; };
		1B98CD992407676D0083E7D3 /* BookTableViewController.swift in Sources */ = {isa = PBXBuildFile; fileRef = 1B98CD982407676D0083E7D3 /* BookTableViewController.swift */; };
		1B98CD9B240767910083E7D3 /* ChapterDetailViewController.swift in Sources */ = {isa = PBXBuildFile; fileRef = 1B98CD9A240767910083E7D3 /* ChapterDetailViewController.swift */; };
		1B98CD9F240768560083E7D3 /* Book.swift in Sources */ = {isa = PBXBuildFile; fileRef = 1B98CD9E240768560083E7D3 /* Book.swift */; };
		1B98CDA1240768730083E7D3 /* BookController.swift in Sources */ = {isa = PBXBuildFile; fileRef = 1B98CDA0240768720083E7D3 /* BookController.swift */; };
		1B98CDA62407696E0083E7D3 /* Chapter.swift in Sources */ = {isa = PBXBuildFile; fileRef = 1B98CDA52407696E0083E7D3 /* Chapter.swift */; };
		1B98CDA824076B920083E7D3 /* BookTableViewCell.swift in Sources */ = {isa = PBXBuildFile; fileRef = 1B98CDA724076B920083E7D3 /* BookTableViewCell.swift */; };
		1B98CDAC2407805B0083E7D3 /* AddBookViewController.swift in Sources */ = {isa = PBXBuildFile; fileRef = 1B98CDAB2407805B0083E7D3 /* AddBookViewController.swift */; };
		1B98CDAE240AF9990083E7D3 /* ChapterModelController.swift in Sources */ = {isa = PBXBuildFile; fileRef = 1B98CDAD240AF9990083E7D3 /* ChapterModelController.swift */; };
		1B98CDB0240E07B30083E7D3 /* AlreadyExistsKey.swift in Sources */ = {isa = PBXBuildFile; fileRef = 1B98CDAF240E07B30083E7D3 /* AlreadyExistsKey.swift */; };
		1BEA406424061A85004C30E5 /* AppDelegate.swift in Sources */ = {isa = PBXBuildFile; fileRef = 1BEA406324061A85004C30E5 /* AppDelegate.swift */; };
		1BEA406624061A85004C30E5 /* SceneDelegate.swift in Sources */ = {isa = PBXBuildFile; fileRef = 1BEA406524061A85004C30E5 /* SceneDelegate.swift */; };
		1BEA406B24061A85004C30E5 /* Main.storyboard in Resources */ = {isa = PBXBuildFile; fileRef = 1BEA406924061A85004C30E5 /* Main.storyboard */; };
		1BEA406D24061A87004C30E5 /* Assets.xcassets in Resources */ = {isa = PBXBuildFile; fileRef = 1BEA406C24061A87004C30E5 /* Assets.xcassets */; };
		1BEA407024061A87004C30E5 /* LaunchScreen.storyboard in Resources */ = {isa = PBXBuildFile; fileRef = 1BEA406E24061A87004C30E5 /* LaunchScreen.storyboard */; };
/* End PBXBuildFile section */

/* Begin PBXFileReference section */
		1B98CD94240766180083E7D3 /* BooksCollectionViewController.swift */ = {isa = PBXFileReference; lastKnownFileType = sourcecode.swift; path = BooksCollectionViewController.swift; sourceTree = "<group>"; };
		1B98CD96240766300083E7D3 /* BookCollectionViewCell.swift */ = {isa = PBXFileReference; lastKnownFileType = sourcecode.swift; path = BookCollectionViewCell.swift; sourceTree = "<group>"; };
		1B98CD982407676D0083E7D3 /* BookTableViewController.swift */ = {isa = PBXFileReference; lastKnownFileType = sourcecode.swift; path = BookTableViewController.swift; sourceTree = "<group>"; };
		1B98CD9A240767910083E7D3 /* ChapterDetailViewController.swift */ = {isa = PBXFileReference; lastKnownFileType = sourcecode.swift; path = ChapterDetailViewController.swift; sourceTree = "<group>"; };
		1B98CD9E240768560083E7D3 /* Book.swift */ = {isa = PBXFileReference; lastKnownFileType = sourcecode.swift; path = Book.swift; sourceTree = "<group>"; };
		1B98CDA0240768720083E7D3 /* BookController.swift */ = {isa = PBXFileReference; lastKnownFileType = sourcecode.swift; path = BookController.swift; sourceTree = "<group>"; };
		1B98CDA52407696E0083E7D3 /* Chapter.swift */ = {isa = PBXFileReference; lastKnownFileType = sourcecode.swift; path = Chapter.swift; sourceTree = "<group>"; };
		1B98CDA724076B920083E7D3 /* BookTableViewCell.swift */ = {isa = PBXFileReference; lastKnownFileType = sourcecode.swift; path = BookTableViewCell.swift; sourceTree = "<group>"; };
		1B98CDAB2407805B0083E7D3 /* AddBookViewController.swift */ = {isa = PBXFileReference; lastKnownFileType = sourcecode.swift; path = AddBookViewController.swift; sourceTree = "<group>"; };
		1B98CDAD240AF9990083E7D3 /* ChapterModelController.swift */ = {isa = PBXFileReference; lastKnownFileType = sourcecode.swift; path = ChapterModelController.swift; sourceTree = "<group>"; };
		1B98CDAF240E07B30083E7D3 /* AlreadyExistsKey.swift */ = {isa = PBXFileReference; lastKnownFileType = sourcecode.swift; path = AlreadyExistsKey.swift; sourceTree = "<group>"; };
		1BEA406024061A85004C30E5 /* ReadABook.app */ = {isa = PBXFileReference; explicitFileType = wrapper.application; includeInIndex = 0; path = ReadABook.app; sourceTree = BUILT_PRODUCTS_DIR; };
		1BEA406324061A85004C30E5 /* AppDelegate.swift */ = {isa = PBXFileReference; lastKnownFileType = sourcecode.swift; path = AppDelegate.swift; sourceTree = "<group>"; };
		1BEA406524061A85004C30E5 /* SceneDelegate.swift */ = {isa = PBXFileReference; lastKnownFileType = sourcecode.swift; path = SceneDelegate.swift; sourceTree = "<group>"; };
		1BEA406A24061A85004C30E5 /* Base */ = {isa = PBXFileReference; lastKnownFileType = file.storyboard; name = Base; path = Base.lproj/Main.storyboard; sourceTree = "<group>"; };
		1BEA406C24061A87004C30E5 /* Assets.xcassets */ = {isa = PBXFileReference; lastKnownFileType = folder.assetcatalog; path = Assets.xcassets; sourceTree = "<group>"; };
		1BEA406F24061A87004C30E5 /* Base */ = {isa = PBXFileReference; lastKnownFileType = file.storyboard; name = Base; path = Base.lproj/LaunchScreen.storyboard; sourceTree = "<group>"; };
		1BEA407124061A87004C30E5 /* Info.plist */ = {isa = PBXFileReference; lastKnownFileType = text.plist.xml; path = Info.plist; sourceTree = "<group>"; };
/* End PBXFileReference section */

/* Begin PBXFrameworksBuildPhase section */
		1BEA405D24061A85004C30E5 /* Frameworks */ = {
			isa = PBXFrameworksBuildPhase;
			buildActionMask = 2147483647;
			files = (
			);
			runOnlyForDeploymentPostprocessing = 0;
		};
/* End PBXFrameworksBuildPhase section */

/* Begin PBXGroup section */
		1B98CDA2240768790083E7D3 /* ModelController */ = {
			isa = PBXGroup;
			children = (
				1B98CDA0240768720083E7D3 /* BookController.swift */,
				1B98CDAD240AF9990083E7D3 /* ChapterModelController.swift */,
			);
			path = ModelController;
			sourceTree = "<group>";
		};
		1B98CDA3240768850083E7D3 /* Model */ = {
			isa = PBXGroup;
			children = (
				1B98CD9E240768560083E7D3 /* Book.swift */,
				1B98CDA52407696E0083E7D3 /* Chapter.swift */,
			);
			path = Model;
			sourceTree = "<group>";
		};
		1B98CDA4240768A30083E7D3 /* ViewControllers */ = {
			isa = PBXGroup;
			children = (
				1B98CD94240766180083E7D3 /* BooksCollectionViewController.swift */,
				1B98CD982407676D0083E7D3 /* BookTableViewController.swift */,
				1B98CDAB2407805B0083E7D3 /* AddBookViewController.swift */,
				1B98CD9A240767910083E7D3 /* ChapterDetailViewController.swift */,
			);
			path = ViewControllers;
			sourceTree = "<group>";
		};
		1B98CDA924077E580083E7D3 /* Views */ = {
			isa = PBXGroup;
			children = (
				1B98CD96240766300083E7D3 /* BookCollectionViewCell.swift */,
				1B98CDA724076B920083E7D3 /* BookTableViewCell.swift */,
				1BEA406924061A85004C30E5 /* Main.storyboard */,
				1BEA406E24061A87004C30E5 /* LaunchScreen.storyboard */,
			);
			path = Views;
			sourceTree = "<group>";
		};
		1B98CDAA24077E740083E7D3 /* Resources */ = {
			isa = PBXGroup;
			children = (
				1BEA406324061A85004C30E5 /* AppDelegate.swift */,
				1BEA406524061A85004C30E5 /* SceneDelegate.swift */,
				1BEA406C24061A87004C30E5 /* Assets.xcassets */,
				1BEA407124061A87004C30E5 /* Info.plist */,
				1B98CDAF240E07B30083E7D3 /* AlreadyExistsKey.swift */,
			);
			path = Resources;
			sourceTree = "<group>";
		};
		1BEA405724061A85004C30E5 = {
			isa = PBXGroup;
			children = (
				1BEA406224061A85004C30E5 /* ReadABook */,
				1BEA406124061A85004C30E5 /* Products */,
			);
			sourceTree = "<group>";
		};
		1BEA406124061A85004C30E5 /* Products */ = {
			isa = PBXGroup;
			children = (
				1BEA406024061A85004C30E5 /* ReadABook.app */,
			);
			name = Products;
			sourceTree = "<group>";
		};
		1BEA406224061A85004C30E5 /* ReadABook */ = {
			isa = PBXGroup;
			children = (
				1B98CDA3240768850083E7D3 /* Model */,
				1B98CDA2240768790083E7D3 /* ModelController */,
				1B98CDA924077E580083E7D3 /* Views */,
				1B98CDA4240768A30083E7D3 /* ViewControllers */,
				1B98CDAA24077E740083E7D3 /* Resources */,
			);
			path = ReadABook;
			sourceTree = "<group>";
		};
/* End PBXGroup section */

/* Begin PBXNativeTarget section */
		1BEA405F24061A85004C30E5 /* ReadABook */ = {
			isa = PBXNativeTarget;
			buildConfigurationList = 1BEA407424061A87004C30E5 /* Build configuration list for PBXNativeTarget "ReadABook" */;
			buildPhases = (
				1BEA405C24061A85004C30E5 /* Sources */,
				1BEA405D24061A85004C30E5 /* Frameworks */,
				1BEA405E24061A85004C30E5 /* Resources */,
			);
			buildRules = (
			);
			dependencies = (
			);
			name = ReadABook;
			productName = ReadABook;
			productReference = 1BEA406024061A85004C30E5 /* ReadABook.app */;
			productType = "com.apple.product-type.application";
		};
/* End PBXNativeTarget section */

/* Begin PBXProject section */
		1BEA405824061A85004C30E5 /* Project object */ = {
			isa = PBXProject;
			attributes = {
				LastSwiftUpdateCheck = 1130;
				LastUpgradeCheck = 1130;
				ORGANIZATIONNAME = BuildWeek1x2;
				TargetAttributes = {
					1BEA405F24061A85004C30E5 = {
						CreatedOnToolsVersion = 11.3.1;
					};
				};
			};
			buildConfigurationList = 1BEA405B24061A85004C30E5 /* Build configuration list for PBXProject "ReadABook" */;
			compatibilityVersion = "Xcode 9.3";
			developmentRegion = en;
			hasScannedForEncodings = 0;
			knownRegions = (
				en,
				Base,
			);
			mainGroup = 1BEA405724061A85004C30E5;
			productRefGroup = 1BEA406124061A85004C30E5 /* Products */;
			projectDirPath = "";
			projectRoot = "";
			targets = (
				1BEA405F24061A85004C30E5 /* ReadABook */,
			);
		};
/* End PBXProject section */

/* Begin PBXResourcesBuildPhase section */
		1BEA405E24061A85004C30E5 /* Resources */ = {
			isa = PBXResourcesBuildPhase;
			buildActionMask = 2147483647;
			files = (
				1BEA407024061A87004C30E5 /* LaunchScreen.storyboard in Resources */,
				1BEA406D24061A87004C30E5 /* Assets.xcassets in Resources */,
				1BEA406B24061A85004C30E5 /* Main.storyboard in Resources */,
			);
			runOnlyForDeploymentPostprocessing = 0;
		};
/* End PBXResourcesBuildPhase section */

/* Begin PBXSourcesBuildPhase section */
		1BEA405C24061A85004C30E5 /* Sources */ = {
			isa = PBXSourcesBuildPhase;
			buildActionMask = 2147483647;
			files = (
				1B98CDA1240768730083E7D3 /* BookController.swift in Sources */,
				1B98CDA62407696E0083E7D3 /* Chapter.swift in Sources */,
				1B98CD9F240768560083E7D3 /* Book.swift in Sources */,
				1B98CDB0240E07B30083E7D3 /* AlreadyExistsKey.swift in Sources */,
				1B98CDAC2407805B0083E7D3 /* AddBookViewController.swift in Sources */,
				1B98CDA824076B920083E7D3 /* BookTableViewCell.swift in Sources */,
				1B98CD992407676D0083E7D3 /* BookTableViewController.swift in Sources */,
				1B98CD95240766180083E7D3 /* BooksCollectionViewController.swift in Sources */,
				1B98CDAE240AF9990083E7D3 /* ChapterModelController.swift in Sources */,
				1B98CD97240766300083E7D3 /* BookCollectionViewCell.swift in Sources */,
				1B98CD9B240767910083E7D3 /* ChapterDetailViewController.swift in Sources */,
				1BEA406424061A85004C30E5 /* AppDelegate.swift in Sources */,
				1BEA406624061A85004C30E5 /* SceneDelegate.swift in Sources */,
			);
			runOnlyForDeploymentPostprocessing = 0;
		};
/* End PBXSourcesBuildPhase section */

/* Begin PBXVariantGroup section */
		1BEA406924061A85004C30E5 /* Main.storyboard */ = {
			isa = PBXVariantGroup;
			children = (
				1BEA406A24061A85004C30E5 /* Base */,
			);
			name = Main.storyboard;
			sourceTree = "<group>";
		};
		1BEA406E24061A87004C30E5 /* LaunchScreen.storyboard */ = {
			isa = PBXVariantGroup;
			children = (
				1BEA406F24061A87004C30E5 /* Base */,
			);
			name = LaunchScreen.storyboard;
			sourceTree = "<group>";
		};
/* End PBXVariantGroup section */

/* Begin XCBuildConfiguration section */
		1BEA407224061A87004C30E5 /* Debug */ = {
			isa = XCBuildConfiguration;
			buildSettings = {
				ALWAYS_SEARCH_USER_PATHS = NO;
				CLANG_ANALYZER_NONNULL = YES;
				CLANG_ANALYZER_NUMBER_OBJECT_CONVERSION = YES_AGGRESSIVE;
				CLANG_CXX_LANGUAGE_STANDARD = "gnu++14";
				CLANG_CXX_LIBRARY = "libc++";
				CLANG_ENABLE_MODULES = YES;
				CLANG_ENABLE_OBJC_ARC = YES;
				CLANG_ENABLE_OBJC_WEAK = YES;
				CLANG_WARN_BLOCK_CAPTURE_AUTORELEASING = YES;
				CLANG_WARN_BOOL_CONVERSION = YES;
				CLANG_WARN_COMMA = YES;
				CLANG_WARN_CONSTANT_CONVERSION = YES;
				CLANG_WARN_DEPRECATED_OBJC_IMPLEMENTATIONS = YES;
				CLANG_WARN_DIRECT_OBJC_ISA_USAGE = YES_ERROR;
				CLANG_WARN_DOCUMENTATION_COMMENTS = YES;
				CLANG_WARN_EMPTY_BODY = YES;
				CLANG_WARN_ENUM_CONVERSION = YES;
				CLANG_WARN_INFINITE_RECURSION = YES;
				CLANG_WARN_INT_CONVERSION = YES;
				CLANG_WARN_NON_LITERAL_NULL_CONVERSION = YES;
				CLANG_WARN_OBJC_IMPLICIT_RETAIN_SELF = YES;
				CLANG_WARN_OBJC_LITERAL_CONVERSION = YES;
				CLANG_WARN_OBJC_ROOT_CLASS = YES_ERROR;
				CLANG_WARN_RANGE_LOOP_ANALYSIS = YES;
				CLANG_WARN_STRICT_PROTOTYPES = YES;
				CLANG_WARN_SUSPICIOUS_MOVE = YES;
				CLANG_WARN_UNGUARDED_AVAILABILITY = YES_AGGRESSIVE;
				CLANG_WARN_UNREACHABLE_CODE = YES;
				CLANG_WARN__DUPLICATE_METHOD_MATCH = YES;
				COPY_PHASE_STRIP = NO;
				DEBUG_INFORMATION_FORMAT = dwarf;
				ENABLE_STRICT_OBJC_MSGSEND = YES;
				ENABLE_TESTABILITY = YES;
				GCC_C_LANGUAGE_STANDARD = gnu11;
				GCC_DYNAMIC_NO_PIC = NO;
				GCC_NO_COMMON_BLOCKS = YES;
				GCC_OPTIMIZATION_LEVEL = 0;
				GCC_PREPROCESSOR_DEFINITIONS = (
					"DEBUG=1",
					"$(inherited)",
				);
				GCC_WARN_64_TO_32_BIT_CONVERSION = YES;
				GCC_WARN_ABOUT_RETURN_TYPE = YES_ERROR;
				GCC_WARN_UNDECLARED_SELECTOR = YES;
				GCC_WARN_UNINITIALIZED_AUTOS = YES_AGGRESSIVE;
				GCC_WARN_UNUSED_FUNCTION = YES;
				GCC_WARN_UNUSED_VARIABLE = YES;
				IPHONEOS_DEPLOYMENT_TARGET = 13.2;
				MTL_ENABLE_DEBUG_INFO = INCLUDE_SOURCE;
				MTL_FAST_MATH = YES;
				ONLY_ACTIVE_ARCH = YES;
				SDKROOT = iphoneos;
				SWIFT_ACTIVE_COMPILATION_CONDITIONS = DEBUG;
				SWIFT_OPTIMIZATION_LEVEL = "-Onone";
			};
			name = Debug;
		};
		1BEA407324061A87004C30E5 /* Release */ = {
			isa = XCBuildConfiguration;
			buildSettings = {
				ALWAYS_SEARCH_USER_PATHS = NO;
				CLANG_ANALYZER_NONNULL = YES;
				CLANG_ANALYZER_NUMBER_OBJECT_CONVERSION = YES_AGGRESSIVE;
				CLANG_CXX_LANGUAGE_STANDARD = "gnu++14";
				CLANG_CXX_LIBRARY = "libc++";
				CLANG_ENABLE_MODULES = YES;
				CLANG_ENABLE_OBJC_ARC = YES;
				CLANG_ENABLE_OBJC_WEAK = YES;
				CLANG_WARN_BLOCK_CAPTURE_AUTORELEASING = YES;
				CLANG_WARN_BOOL_CONVERSION = YES;
				CLANG_WARN_COMMA = YES;
				CLANG_WARN_CONSTANT_CONVERSION = YES;
				CLANG_WARN_DEPRECATED_OBJC_IMPLEMENTATIONS = YES;
				CLANG_WARN_DIRECT_OBJC_ISA_USAGE = YES_ERROR;
				CLANG_WARN_DOCUMENTATION_COMMENTS = YES;
				CLANG_WARN_EMPTY_BODY = YES;
				CLANG_WARN_ENUM_CONVERSION = YES;
				CLANG_WARN_INFINITE_RECURSION = YES;
				CLANG_WARN_INT_CONVERSION = YES;
				CLANG_WARN_NON_LITERAL_NULL_CONVERSION = YES;
				CLANG_WARN_OBJC_IMPLICIT_RETAIN_SELF = YES;
				CLANG_WARN_OBJC_LITERAL_CONVERSION = YES;
				CLANG_WARN_OBJC_ROOT_CLASS = YES_ERROR;
				CLANG_WARN_RANGE_LOOP_ANALYSIS = YES;
				CLANG_WARN_STRICT_PROTOTYPES = YES;
				CLANG_WARN_SUSPICIOUS_MOVE = YES;
				CLANG_WARN_UNGUARDED_AVAILABILITY = YES_AGGRESSIVE;
				CLANG_WARN_UNREACHABLE_CODE = YES;
				CLANG_WARN__DUPLICATE_METHOD_MATCH = YES;
				COPY_PHASE_STRIP = NO;
				DEBUG_INFORMATION_FORMAT = "dwarf-with-dsym";
				ENABLE_NS_ASSERTIONS = NO;
				ENABLE_STRICT_OBJC_MSGSEND = YES;
				GCC_C_LANGUAGE_STANDARD = gnu11;
				GCC_NO_COMMON_BLOCKS = YES;
				GCC_WARN_64_TO_32_BIT_CONVERSION = YES;
				GCC_WARN_ABOUT_RETURN_TYPE = YES_ERROR;
				GCC_WARN_UNDECLARED_SELECTOR = YES;
				GCC_WARN_UNINITIALIZED_AUTOS = YES_AGGRESSIVE;
				GCC_WARN_UNUSED_FUNCTION = YES;
				GCC_WARN_UNUSED_VARIABLE = YES;
				IPHONEOS_DEPLOYMENT_TARGET = 13.2;
				MTL_ENABLE_DEBUG_INFO = NO;
				MTL_FAST_MATH = YES;
				SDKROOT = iphoneos;
				SWIFT_COMPILATION_MODE = wholemodule;
				SWIFT_OPTIMIZATION_LEVEL = "-O";
				VALIDATE_PRODUCT = YES;
			};
			name = Release;
		};
		1BEA407524061A87004C30E5 /* Debug */ = {
			isa = XCBuildConfiguration;
			buildSettings = {
				ASSETCATALOG_COMPILER_APPICON_NAME = AppIcon;
				CODE_SIGN_STYLE = Automatic;
				DEVELOPMENT_TEAM = VXUQXR6S56;
				INFOPLIST_FILE = "$(SRCROOT)/ReadABook/Resources/Info.plist";
				LD_RUNPATH_SEARCH_PATHS = (
					"$(inherited)",
					"@executable_path/Frameworks",
				);
				PRODUCT_BUNDLE_IDENTIFIER = com.BuildWeek1x2.ReadABook;
				PRODUCT_NAME = "$(TARGET_NAME)";
				SWIFT_VERSION = 5.0;
				TARGETED_DEVICE_FAMILY = "1,2";
			};
			name = Debug;
		};
		1BEA407624061A87004C30E5 /* Release */ = {
			isa = XCBuildConfiguration;
			buildSettings = {
				ASSETCATALOG_COMPILER_APPICON_NAME = AppIcon;
				CODE_SIGN_STYLE = Automatic;
				DEVELOPMENT_TEAM = VXUQXR6S56;
				INFOPLIST_FILE = "$(SRCROOT)/ReadABook/Resources/Info.plist";
				LD_RUNPATH_SEARCH_PATHS = (
					"$(inherited)",
					"@executable_path/Frameworks",
				);
				PRODUCT_BUNDLE_IDENTIFIER = com.BuildWeek1x2.ReadABook;
				PRODUCT_NAME = "$(TARGET_NAME)";
				SWIFT_VERSION = 5.0;
				TARGETED_DEVICE_FAMILY = "1,2";
			};
			name = Release;
		};
/* End XCBuildConfiguration section */

/* Begin XCConfigurationList section */
		1BEA405B24061A85004C30E5 /* Build configuration list for PBXProject "ReadABook" */ = {
			isa = XCConfigurationList;
			buildConfigurations = (
				1BEA407224061A87004C30E5 /* Debug */,
				1BEA407324061A87004C30E5 /* Release */,
			);
			defaultConfigurationIsVisible = 0;
			defaultConfigurationName = Release;
		};
		1BEA407424061A87004C30E5 /* Build configuration list for PBXNativeTarget "ReadABook" */ = {
			isa = XCConfigurationList;
			buildConfigurations = (
				1BEA407524061A87004C30E5 /* Debug */,
				1BEA407624061A87004C30E5 /* Release */,
			);
			defaultConfigurationIsVisible = 0;
			defaultConfigurationName = Release;
		};
/* End XCConfigurationList section */
	};
	rootObject = 1BEA405824061A85004C30E5 /* Project object */;
}
